
Microsoft Visual Studio Solution File, Format Version 12.00
# Visual Studio Version 17
VisualStudioVersion = 17.2.32616.157
MinimumVisualStudioVersion = 10.0.40219.1
Project("{FAE04EC0-301F-11D3-BF4B-00C04F79EFBC}") = "PatternTest", "PatternTest\PatternTest.csproj", "{66033148-E2BA-4129-A127-99BD63A01CF5}"
EndProject
Global
	GlobalSection(SolutionConfigurationPlatforms) = preSolution
		Debug|Any CPU = Debug|Any CPU
		Release|Any CPU = Release|Any CPU
	EndGlobalSection
	GlobalSection(ProjectConfigurationPlatforms) = postSolution
		{66033148-E2BA-4129-A127-99BD63A01CF5}.Debug|Any CPU.ActiveCfg = Debug|Any CPU
		{66033148-E2BA-4129-A127-99BD63A01CF5}.Debug|Any CPU.Build.0 = Debug|Any CPU
		{66033148-E2BA-4129-A127-99BD63A01CF5}.Release|Any CPU.ActiveCfg = Release|Any CPU
		{66033148-E2BA-4129-A127-99BD63A01CF5}.Release|Any CPU.Build.0 = Release|Any CPU
	EndGlobalSection
	GlobalSection(SolutionProperties) = preSolution
		HideSolutionNode = FALSE
	EndGlobalSection
	GlobalSection(ExtensibilityGlobals) = postSolution
		SolutionGuid = {CAFC5309-9E3A-4688-B63D-614CEECACD77}
	EndGlobalSection
EndGlobal
